
Microsoft Visual Studio Solution File, Format Version 12.00
# Visual Studio Version 16
VisualStudioVersion = 16.0.30709.132
MinimumVisualStudioVersion = 10.0.40219.1
Project("{FAE04EC0-301F-11D3-BF4B-00C04F79EFBC}") = "DZ1_4", "DZ1_4\DZ1_4.csproj", "{5EB33E60-D720-4F7F-92DF-1888834218BE}"
EndProject
Global
	GlobalSection(SolutionConfigurationPlatforms) = preSolution
		Debug|Any CPU = Debug|Any CPU
		Release|Any CPU = Release|Any CPU
	EndGlobalSection
	GlobalSection(ProjectConfigurationPlatforms) = postSolution
		{5EB33E60-D720-4F7F-92DF-1888834218BE}.Debug|Any CPU.ActiveCfg = Debug|Any CPU
		{5EB33E60-D720-4F7F-92DF-1888834218BE}.Debug|Any CPU.Build.0 = Debug|Any CPU
		{5EB33E60-D720-4F7F-92DF-1888834218BE}.Release|Any CPU.ActiveCfg = Release|Any CPU
		{5EB33E60-D720-4F7F-92DF-1888834218BE}.Release|Any CPU.Build.0 = Release|Any CPU
	EndGlobalSection
	GlobalSection(SolutionProperties) = preSolution
		HideSolutionNode = FALSE
	EndGlobalSection
	GlobalSection(ExtensibilityGlobals) = postSolution
		SolutionGuid = {B3848B86-0F61-4176-81BA-CA93C0E5A661}
	EndGlobalSection
EndGlobal
